{
    "name": "offchain",
    "version": "0.0.0",
    "lockfileVersion": 3,
    "requires": true,
    "packages": {
        "": {
            "name": "offchain",
            "version": "0.0.0",
            "dependencies": {
                "@lucid-evolution/lucid": "^0.4.18"
            }
        },
        "node_modules/@anastasia-labs/cardano-multiplatform-lib-browser": {
            "version": "6.0.2-3",
            "resolved": "https://registry.npmjs.org/@anastasia-labs/cardano-multiplatform-lib-browser/-/cardano-multiplatform-lib-browser-6.0.2-3.tgz",
            "integrity": "sha512-EP5Kr21xPtfEuCM3lR5tCIUQpMQ4Moisig8zD9BqUmBhQr/2ddxuE+MWhBF6tqH1AepzeXqRuTD1ozvdRn49Bw==",
            "license": "MIT"
        },
        "node_modules/@anastasia-labs/cardano-multiplatform-lib-nodejs": {
            "version": "6.0.2-3",
            "resolved": "https://registry.npmjs.org/@anastasia-labs/cardano-multiplatform-lib-nodejs/-/cardano-multiplatform-lib-nodejs-6.0.2-3.tgz",
            "integrity": "sha512-Jy7QKahRQJgX6OFeuQvPXO0ejKfT9cQ8m3PFLBhbM04jjzFnaxlJJJ5+7qNHe3xdy40fMbMMe2SgAYPJ4gZ2Xw==",
            "license": "MIT"
        },
        "node_modules/@cbor-extract/cbor-extract-darwin-arm64": {
            "version": "2.2.0",
            "resolved": "https://registry.npmjs.org/@cbor-extract/cbor-extract-darwin-arm64/-/cbor-extract-darwin-arm64-2.2.0.tgz",
            "integrity": "sha512-P7swiOAdF7aSi0H+tHtHtr6zrpF3aAq/W9FXx5HektRvLTM2O89xCyXF3pk7pLc7QpaY7AoaE8UowVf9QBdh3w==",
            "cpu": [
                "arm64"
            ],
            "license": "MIT",
            "optional": true,
            "os": [
                "darwin"
            ]
        },
        "node_modules/@cbor-extract/cbor-extract-darwin-x64": {
            "version": "2.2.0",
            "resolved": "https://registry.npmjs.org/@cbor-extract/cbor-extract-darwin-x64/-/cbor-extract-darwin-x64-2.2.0.tgz",
            "integrity": "sha512-1liF6fgowph0JxBbYnAS7ZlqNYLf000Qnj4KjqPNW4GViKrEql2MgZnAsExhY9LSy8dnvA4C0qHEBgPrll0z0w==",
            "cpu": [
                "x64"
            ],
            "license": "MIT",
            "optional": true,
            "os": [
                "darwin"
            ]
        },
        "node_modules/@cbor-extract/cbor-extract-linux-arm": {
            "version": "2.2.0",
            "resolved": "https://registry.npmjs.org/@cbor-extract/cbor-extract-linux-arm/-/cbor-extract-linux-arm-2.2.0.tgz",
            "integrity": "sha512-QeBcBXk964zOytiedMPQNZr7sg0TNavZeuUCD6ON4vEOU/25+pLhNN6EDIKJ9VLTKaZ7K7EaAriyYQ1NQ05s/Q==",
            "cpu": [
                "arm"
            ],
            "license": "MIT",
            "optional": true,
            "os": [
                "linux"
            ]
        },
        "node_modules/@cbor-extract/cbor-extract-linux-arm64": {
            "version": "2.2.0",
            "resolved": "https://registry.npmjs.org/@cbor-extract/cbor-extract-linux-arm64/-/cbor-extract-linux-arm64-2.2.0.tgz",
            "integrity": "sha512-rQvhNmDuhjTVXSPFLolmQ47/ydGOFXtbR7+wgkSY0bdOxCFept1hvg59uiLPT2fVDuJFuEy16EImo5tE2x3RsQ==",
            "cpu": [
                "arm64"
            ],
            "license": "MIT",
            "optional": true,
            "os": [
                "linux"
            ]
        },
        "node_modules/@cbor-extract/cbor-extract-linux-x64": {
            "version": "2.2.0",
            "resolved": "https://registry.npmjs.org/@cbor-extract/cbor-extract-linux-x64/-/cbor-extract-linux-x64-2.2.0.tgz",
            "integrity": "sha512-cWLAWtT3kNLHSvP4RKDzSTX9o0wvQEEAj4SKvhWuOVZxiDAeQazr9A+PSiRILK1VYMLeDml89ohxCnUNQNQNCw==",
            "cpu": [
                "x64"
            ],
            "license": "MIT",
            "optional": true,
            "os": [
                "linux"
            ]
        },
        "node_modules/@cbor-extract/cbor-extract-win32-x64": {
            "version": "2.2.0",
            "resolved": "https://registry.npmjs.org/@cbor-extract/cbor-extract-win32-x64/-/cbor-extract-win32-x64-2.2.0.tgz",
            "integrity": "sha512-l2M+Z8DO2vbvADOBNLbbh9y5ST1RY5sqkWOg/58GkUPBYou/cuNZ68SGQ644f1CvZ8kcOxyZtw06+dxWHIoN/w==",
            "cpu": [
                "x64"
            ],
            "license": "MIT",
            "optional": true,
            "os": [
                "win32"
            ]
        },
        "node_modules/@effect/platform": {
            "version": "0.71.6",
            "resolved": "https://registry.npmjs.org/@effect/platform/-/platform-0.71.6.tgz",
            "integrity": "sha512-Jnsb17OkMLPsC0RogEzuCLvvE9LaRr+Po+bP4MsXUsR0Ugr0BFpeeATrLxJPc6Fj6WZzSPbhzWROZpn68k78JQ==",
            "license": "MIT",
            "dependencies": {
                "find-my-way-ts": "^0.1.5",
                "multipasta": "^0.2.5"
            },
            "peerDependencies": {
                "effect": "^3.11.9"
            }
        },
        "node_modules/@effect/schema": {
            "version": "0.66.16",
            "resolved": "https://registry.npmjs.org/@effect/schema/-/schema-0.66.16.tgz",
            "integrity": "sha512-sT/k5NOgKslGPzs3DUaCFuM6g2JQoIIT8jpwEorAZooplPIMK2xIspr7ECz6pp6Dc7Wz/ppXGk7HVyGZQsIYEQ==",
            "license": "MIT",
            "peerDependencies": {
                "effect": "^3.1.3",
                "fast-check": "^3.13.2"
            }
        },
        "node_modules/@emurgo/cardano-message-signing-browser": {
            "version": "1.1.0",
            "resolved": "https://registry.npmjs.org/@emurgo/cardano-message-signing-browser/-/cardano-message-signing-browser-1.1.0.tgz",
            "integrity": "sha512-LyeiGIqCyZu9DZnKsi4wlBjZA1MN+uy3Cqpb5J6RZWvFXDJnCoxrYB/EixUiGRD/la4WsldBgtPsrIHyGsVkpg==",
            "license": "MIT"
        },
        "node_modules/@emurgo/cardano-message-signing-nodejs": {
            "version": "1.1.0",
            "resolved": "https://registry.npmjs.org/@emurgo/cardano-message-signing-nodejs/-/cardano-message-signing-nodejs-1.1.0.tgz",
            "integrity": "sha512-PQRc8K8wZshEdmQenNUzVtiI8oJNF/1uAnBhidee5C4o1l2mDLOW+ur46HWHIFKQ6x8mSJTllcjMscHgzju0gQ==",
            "license": "MIT"
        },
        "node_modules/@harmoniclabs/bigint-utils": {
            "version": "1.0.0",
            "resolved": "https://registry.npmjs.org/@harmoniclabs/bigint-utils/-/bigint-utils-1.0.0.tgz",
            "integrity": "sha512-OhZMHcdtH2hHKMlxWFHf71PmKHdoi9ARpjS9mUu0/cd8VWDDjT7VQoQwC5NN/68iyO4O5Dojrvrp9tjG5BDABA==",
            "license": "Apache-2.0",
            "dependencies": {
                "@harmoniclabs/uint8array-utils": "^1.0.0"
            }
        },
        "node_modules/@harmoniclabs/biguint": {
            "version": "1.0.0",
            "resolved": "https://registry.npmjs.org/@harmoniclabs/biguint/-/biguint-1.0.0.tgz",
            "integrity": "sha512-5DyCIBDL4W+7ffR1IJSbGrCG4xEYxAlFH5gCNF42qtyL5ltwZ92Ae1MyXpHM2TUPy7ocSTqlLUsOdy+SvqVVPw==",
            "license": "Apache-2.0"
        },
        "node_modules/@harmoniclabs/bitstream": {
            "version": "1.0.0",
            "resolved": "https://registry.npmjs.org/@harmoniclabs/bitstream/-/bitstream-1.0.0.tgz",
            "integrity": "sha512-Ed/I46IuCiytE5QiMmmUo9kPJcypM7OuUqoRaAXUALL5C6LKLpT6kYE1qeuhLkx2/WvkHT18jcOX6jhM/nmqoA==",
            "license": "MIT",
            "dependencies": {
                "@harmoniclabs/uint8array-utils": "^1.0.0"
            }
        },
        "node_modules/@harmoniclabs/bytestring": {
            "version": "1.0.0",
            "resolved": "https://registry.npmjs.org/@harmoniclabs/bytestring/-/bytestring-1.0.0.tgz",
            "integrity": "sha512-d5m10O0okKc6QNX0pSRriFTkk/kNMnMBGbo5X3kEZwKaXTI4tDVoTZBL7bwbYHwOEdSxWJjVtlO9xtB7ZrYZNg==",
            "license": "Apache-2.0",
            "peer": true,
            "dependencies": {
                "@harmoniclabs/uint8array-utils": "^1.0.0"
            }
        },
        "node_modules/@harmoniclabs/cbor": {
            "version": "1.5.0",
            "resolved": "https://registry.npmjs.org/@harmoniclabs/cbor/-/cbor-1.5.0.tgz",
            "integrity": "sha512-/TaUfh2POR88KJDtJvRokBgEu9QP+u3LSp92UenLizaFr9proKrb45jzC1IYeMvI9LWKo3zWtf6ea35TKq4ibQ==",
            "license": "Apache-2.0",
            "peer": true,
            "dependencies": {
                "@harmoniclabs/bytestring": "^1.0.0",
                "@harmoniclabs/obj-utils": "^1.0.0",
                "@harmoniclabs/uint8array-utils": "^1.0.3"
            },
            "funding": {
                "url": "https://github.com/sponsors/HarmonicLabs"
            }
        },
        "node_modules/@harmoniclabs/crypto": {
            "version": "0.2.4",
            "resolved": "https://registry.npmjs.org/@harmoniclabs/crypto/-/crypto-0.2.4.tgz",
            "integrity": "sha512-aVehpKFvgbzFn2qCoRHnrUHAB6XxU1YN61+2Tygo7T6oY3zubI0CI8Ydn2ELp2gidUaFzkICOKFZnAfq6Hxa3w==",
            "license": "MIT",
            "dependencies": {
                "@harmoniclabs/bitstream": "^1.0.0",
                "@harmoniclabs/uint8array-utils": "^1.0.0"
            }
        },
        "node_modules/@harmoniclabs/obj-utils": {
            "version": "1.0.0",
            "resolved": "https://registry.npmjs.org/@harmoniclabs/obj-utils/-/obj-utils-1.0.0.tgz",
            "integrity": "sha512-EO1bQBZAORrutcP+leP5YNDwNd/9TOE23VEvs3ktniXg6w0knUrLjUIl2Pkcbs/D1VQxqmsNpXho+vaMj00qxA==",
            "license": "MIT",
            "peer": true
        },
        "node_modules/@harmoniclabs/pair": {
            "version": "1.0.0",
            "resolved": "https://registry.npmjs.org/@harmoniclabs/pair/-/pair-1.0.0.tgz",
            "integrity": "sha512-D9OBowsUsy1LctHxWzd9AngTzoo5x3rBiJ0gu579t41Q23pb+VNx1euEfluUEiaYbgljcl1lb/4D1fFTZd1tRQ==",
            "license": "MIT",
            "peer": true
        },
        "node_modules/@harmoniclabs/plutus-data": {
            "version": "1.2.4",
            "resolved": "https://registry.npmjs.org/@harmoniclabs/plutus-data/-/plutus-data-1.2.4.tgz",
            "integrity": "sha512-cpr6AnJRultH6PJRDriewHEgNLQs2IGLampZrLjmK5shzTsHICD0yD0Zig9eKdcS7dmY6mlzvSpAJWPGeTxbCA==",
            "license": "Apache-2.0",
            "dependencies": {
                "@harmoniclabs/biguint": "^1.0.0",
                "@harmoniclabs/crypto": "^0.2.4",
                "@harmoniclabs/uint8array-utils": "^1.0.0"
            },
            "peerDependencies": {
                "@harmoniclabs/bytestring": "^1.0.0",
                "@harmoniclabs/cbor": "^1.3.0"
            }
        },
        "node_modules/@harmoniclabs/uint8array-utils": {
            "version": "1.0.3",
            "resolved": "https://registry.npmjs.org/@harmoniclabs/uint8array-utils/-/uint8array-utils-1.0.3.tgz",
            "integrity": "sha512-MAOD0bGl3u4Ay98xRrNzwxu/UsI8oFsW/Gplry3KNUhmHhyeIH5NU+jtwtvlOYQH8eW5d6SdzqOTYWWQ7l0w+g==",
            "license": "Apache-2.0"
        },
        "node_modules/@harmoniclabs/uplc": {
            "version": "1.3.0",
            "resolved": "https://registry.npmjs.org/@harmoniclabs/uplc/-/uplc-1.3.0.tgz",
            "integrity": "sha512-iOn0M3ZKYAokeZYA9BPVVy4IDMRW95QbNVmEWdw78mtG0ZpYy5kXqXXa+pCOSWRtv2xAd3PxRxusOHD7GYrfcA==",
            "license": "Apache-2.0",
            "dependencies": {
                "@harmoniclabs/bigint-utils": "^1.0.0",
                "@harmoniclabs/uint8array-utils": "^1.0.0"
            },
            "funding": {
                "url": "https://github.com/sponsors/HarmonicLabs"
            },
            "peerDependencies": {
                "@harmoniclabs/bytestring": "^1.0.0",
                "@harmoniclabs/cbor": "^1.3.0",
                "@harmoniclabs/crypto": "^0.2.4",
                "@harmoniclabs/pair": "^1.0.0",
                "@harmoniclabs/plutus-data": "^1.2.4"
            }
        },
        "node_modules/@lucid-evolution/core-types": {
            "version": "0.1.21",
            "resolved": "https://registry.npmjs.org/@lucid-evolution/core-types/-/core-types-0.1.21.tgz",
            "integrity": "sha512-HPTU7eaWUNp1mmbbF46dyh6CLZNH8kLWyD1yu2OrPDWo5KfeF2EAXcnS3VsyjhjyFtzBLbsoQxjuy1j4jBY0zg==",
            "license": "MIT",
            "dependencies": {
                "@anastasia-labs/cardano-multiplatform-lib-browser": "6.0.2-2",
                "@anastasia-labs/cardano-multiplatform-lib-nodejs": "6.0.2-2"
            }
        },
        "node_modules/@lucid-evolution/core-types/node_modules/@anastasia-labs/cardano-multiplatform-lib-browser": {
            "version": "6.0.2-2",
            "resolved": "https://registry.npmjs.org/@anastasia-labs/cardano-multiplatform-lib-browser/-/cardano-multiplatform-lib-browser-6.0.2-2.tgz",
            "integrity": "sha512-sSPPjO1Zye82YVqrUGIKrli/Zt2pPkZkQd/jv9k6AzjIZdNPD3hvuB2yH6RHeZUO8+K57bu9r7Rlyf7VGbhhTQ==",
            "license": "MIT"
        },
        "node_modules/@lucid-evolution/core-types/node_modules/@anastasia-labs/cardano-multiplatform-lib-nodejs": {
            "version": "6.0.2-2",
            "resolved": "https://registry.npmjs.org/@anastasia-labs/cardano-multiplatform-lib-nodejs/-/cardano-multiplatform-lib-nodejs-6.0.2-2.tgz",
            "integrity": "sha512-KLYHyJWtFsTUUbIVz9dn5GiCbI4Mrx5mRpDWXa3lVLWFKok6AkvYlyHk4OH4NNa4JBerrHTB6ZJrk75UgKAaMA==",
            "license": "MIT"
        },
        "node_modules/@lucid-evolution/core-utils": {
            "version": "0.1.16",
            "resolved": "https://registry.npmjs.org/@lucid-evolution/core-utils/-/core-utils-0.1.16.tgz",
            "integrity": "sha512-fNKZiGl1h6tf48bji067uxHZpDlhkrIDrwhZLt5DQC/c6GVdZb4TSvqgs7MOmMqp1dj9dy6NDYWnCHeTqZAhJw==",
            "license": "MIT",
            "dependencies": {
                "@anastasia-labs/cardano-multiplatform-lib-browser": "6.0.2-2",
                "@anastasia-labs/cardano-multiplatform-lib-nodejs": "6.0.2-2"
            }
        },
        "node_modules/@lucid-evolution/core-utils/node_modules/@anastasia-labs/cardano-multiplatform-lib-browser": {
            "version": "6.0.2-2",
            "resolved": "https://registry.npmjs.org/@anastasia-labs/cardano-multiplatform-lib-browser/-/cardano-multiplatform-lib-browser-6.0.2-2.tgz",
            "integrity": "sha512-sSPPjO1Zye82YVqrUGIKrli/Zt2pPkZkQd/jv9k6AzjIZdNPD3hvuB2yH6RHeZUO8+K57bu9r7Rlyf7VGbhhTQ==",
            "license": "MIT"
        },
        "node_modules/@lucid-evolution/core-utils/node_modules/@anastasia-labs/cardano-multiplatform-lib-nodejs": {
            "version": "6.0.2-2",
            "resolved": "https://registry.npmjs.org/@anastasia-labs/cardano-multiplatform-lib-nodejs/-/cardano-multiplatform-lib-nodejs-6.0.2-2.tgz",
            "integrity": "sha512-KLYHyJWtFsTUUbIVz9dn5GiCbI4Mrx5mRpDWXa3lVLWFKok6AkvYlyHk4OH4NNa4JBerrHTB6ZJrk75UgKAaMA==",
            "license": "MIT"
        },
        "node_modules/@lucid-evolution/crc8": {
            "version": "0.1.8",
            "resolved": "https://registry.npmjs.org/@lucid-evolution/crc8/-/crc8-0.1.8.tgz",
            "integrity": "sha512-88+/S6n+sPgxYtG05rvbJDVb8MoFGzckkR3p26uGrzngYzlJGfxBWIzNhVwfI2mgINPo2C5lkZW3GYnfY0MjuA==",
            "license": "MIT"
        },
        "node_modules/@lucid-evolution/lucid": {
            "version": "0.4.18",
            "resolved": "https://registry.npmjs.org/@lucid-evolution/lucid/-/lucid-0.4.18.tgz",
            "integrity": "sha512-2bu0PIUEdyM+vSgqkvlDpUUAoJFmWpYnsyqJxhkZsBMoJdBH9UINHjuSmPTdmmMNB/IOzP7yyqKZGfCioH2a8A==",
            "license": "MIT",
            "dependencies": {
                "@anastasia-labs/cardano-multiplatform-lib-browser": "6.0.2-3",
                "@anastasia-labs/cardano-multiplatform-lib-nodejs": "6.0.2-3",
                "@effect/schema": "^0.66.14",
                "@emurgo/cardano-message-signing-nodejs": "^1.0.1",
                "@lucid-evolution/core-types": "0.1.21",
                "@lucid-evolution/core-utils": "0.1.16",
                "@lucid-evolution/plutus": "0.1.28",
                "@lucid-evolution/provider": "0.1.84",
                "@lucid-evolution/sign_data": "0.1.24",
                "@lucid-evolution/uplc": "0.2.18",
                "@lucid-evolution/utils": "0.1.62",
                "@lucid-evolution/wallet": "0.1.68",
                "effect": "^3.10.4"
            }
        },
        "node_modules/@lucid-evolution/plutus": {
            "version": "0.1.28",
            "resolved": "https://registry.npmjs.org/@lucid-evolution/plutus/-/plutus-0.1.28.tgz",
            "integrity": "sha512-O8vOsed+U3dda32Y5iyvmnPUwuNR0K64RMow/fT+SUAcgDmTNVmXr63YG7lLrY165eC0DB/K6hsHMyqIF5DpBA==",
            "license": "MIT",
            "dependencies": {
                "@anastasia-labs/cardano-multiplatform-lib-browser": "6.0.2-2",
                "@anastasia-labs/cardano-multiplatform-lib-nodejs": "6.0.2-2",
                "@lucid-evolution/core-types": "0.1.21",
                "@lucid-evolution/core-utils": "0.1.16",
                "@sinclair/typebox": "^0.32.28"
            }
        },
        "node_modules/@lucid-evolution/plutus/node_modules/@anastasia-labs/cardano-multiplatform-lib-browser": {
            "version": "6.0.2-2",
            "resolved": "https://registry.npmjs.org/@anastasia-labs/cardano-multiplatform-lib-browser/-/cardano-multiplatform-lib-browser-6.0.2-2.tgz",
            "integrity": "sha512-sSPPjO1Zye82YVqrUGIKrli/Zt2pPkZkQd/jv9k6AzjIZdNPD3hvuB2yH6RHeZUO8+K57bu9r7Rlyf7VGbhhTQ==",
            "license": "MIT"
        },
        "node_modules/@lucid-evolution/plutus/node_modules/@anastasia-labs/cardano-multiplatform-lib-nodejs": {
            "version": "6.0.2-2",
            "resolved": "https://registry.npmjs.org/@anastasia-labs/cardano-multiplatform-lib-nodejs/-/cardano-multiplatform-lib-nodejs-6.0.2-2.tgz",
            "integrity": "sha512-KLYHyJWtFsTUUbIVz9dn5GiCbI4Mrx5mRpDWXa3lVLWFKok6AkvYlyHk4OH4NNa4JBerrHTB6ZJrk75UgKAaMA==",
            "license": "MIT"
        },
        "node_modules/@lucid-evolution/provider": {
            "version": "0.1.84",
            "resolved": "https://registry.npmjs.org/@lucid-evolution/provider/-/provider-0.1.84.tgz",
            "integrity": "sha512-KDaWE4M5C2FXkQDaI4AzTiYmXhPWrpdHd8VzvTeCaxVWVd94IpxJbS6X1lQEjmKLXT7p3RahGwgUjK4vM3nZ8Q==",
            "license": "MIT",
            "dependencies": {
                "@anastasia-labs/cardano-multiplatform-lib-browser": "6.0.2-3",
                "@anastasia-labs/cardano-multiplatform-lib-nodejs": "6.0.2-3",
                "@effect/platform": "^0.71.3",
                "@effect/schema": "^0.68.26",
                "@lucid-evolution/core-types": "0.1.21",
                "@lucid-evolution/core-utils": "0.1.16",
                "@lucid-evolution/utils": "0.1.62",
                "@lucid-evolution/wallet": "0.1.68",
                "effect": "^3.11.7"
            }
        },
        "node_modules/@lucid-evolution/provider/node_modules/@effect/schema": {
            "version": "0.68.27",
            "resolved": "https://registry.npmjs.org/@effect/schema/-/schema-0.68.27.tgz",
            "integrity": "sha512-/rmIb+4QaQTecdTfeYSZtNikIV+BeIbYDl/hpgBTaS96en7pKNW5hcygFQhdocjKguIL7Y/be+oUrVafWV60ew==",
            "license": "MIT",
            "dependencies": {
                "fast-check": "^3.20.0"
            },
            "peerDependencies": {
                "effect": "^3.5.7"
            }
        },
        "node_modules/@lucid-evolution/sign_data": {
            "version": "0.1.24",
            "resolved": "https://registry.npmjs.org/@lucid-evolution/sign_data/-/sign_data-0.1.24.tgz",
            "integrity": "sha512-8K/FuSUYAffRB4JjjjAzjOUqUXDI+r3HyJIAETlJ8Kbo7SZe1IrX6bo82qjaK/WGK4w4kBcoheceWnnsiYPfrQ==",
            "license": "MIT",
            "dependencies": {
                "@anastasia-labs/cardano-multiplatform-lib-browser": "6.0.2-2",
                "@anastasia-labs/cardano-multiplatform-lib-nodejs": "6.0.2-2",
                "@emurgo/cardano-message-signing-browser": "^1.0.1",
                "@emurgo/cardano-message-signing-nodejs": "^1.0.1",
                "@lucid-evolution/core-types": "0.1.21",
                "@lucid-evolution/core-utils": "0.1.16"
            }
        },
        "node_modules/@lucid-evolution/sign_data/node_modules/@anastasia-labs/cardano-multiplatform-lib-browser": {
            "version": "6.0.2-2",
            "resolved": "https://registry.npmjs.org/@anastasia-labs/cardano-multiplatform-lib-browser/-/cardano-multiplatform-lib-browser-6.0.2-2.tgz",
            "integrity": "sha512-sSPPjO1Zye82YVqrUGIKrli/Zt2pPkZkQd/jv9k6AzjIZdNPD3hvuB2yH6RHeZUO8+K57bu9r7Rlyf7VGbhhTQ==",
            "license": "MIT"
        },
        "node_modules/@lucid-evolution/sign_data/node_modules/@anastasia-labs/cardano-multiplatform-lib-nodejs": {
            "version": "6.0.2-2",
            "resolved": "https://registry.npmjs.org/@anastasia-labs/cardano-multiplatform-lib-nodejs/-/cardano-multiplatform-lib-nodejs-6.0.2-2.tgz",
            "integrity": "sha512-KLYHyJWtFsTUUbIVz9dn5GiCbI4Mrx5mRpDWXa3lVLWFKok6AkvYlyHk4OH4NNa4JBerrHTB6ZJrk75UgKAaMA==",
            "license": "MIT"
        },
        "node_modules/@lucid-evolution/uplc": {
            "version": "0.2.18",
            "resolved": "https://registry.npmjs.org/@lucid-evolution/uplc/-/uplc-0.2.18.tgz",
            "integrity": "sha512-TukA/1XnhrliAfwopPzX04t8j/7dfVygE9F55MypfibA+btZVOLJpe0VAFmr46HMcxecL/S63iOjuiRHNe+5bw=="
        },
        "node_modules/@lucid-evolution/utils": {
            "version": "0.1.62",
            "resolved": "https://registry.npmjs.org/@lucid-evolution/utils/-/utils-0.1.62.tgz",
            "integrity": "sha512-x1K++Hu1WxImMcIHg4MNZ3sQFA0zfqWoi8ptqdGUkzmNRkjA4JmIZnslUJtGo6QC3k5RZbItb3YzpT5QHBpTSA==",
            "license": "MIT",
            "dependencies": {
                "@anastasia-labs/cardano-multiplatform-lib-browser": "6.0.2-3",
                "@anastasia-labs/cardano-multiplatform-lib-nodejs": "6.0.2-3",
                "@effect/schema": "^0.68.16",
                "@harmoniclabs/plutus-data": "^1.2.4",
                "@harmoniclabs/uplc": "^1.2.4",
                "@lucid-evolution/core-types": "0.1.21",
                "@lucid-evolution/core-utils": "0.1.16",
                "@lucid-evolution/crc8": "0.1.8",
                "@lucid-evolution/plutus": "0.1.28",
                "@lucid-evolution/uplc": "0.2.18",
                "bip39": "^3.1.0",
                "cbor-x": "^1.6.0",
                "effect": "^3.10.4"
            }
        },
        "node_modules/@lucid-evolution/utils/node_modules/@effect/schema": {
            "version": "0.68.27",
            "resolved": "https://registry.npmjs.org/@effect/schema/-/schema-0.68.27.tgz",
            "integrity": "sha512-/rmIb+4QaQTecdTfeYSZtNikIV+BeIbYDl/hpgBTaS96en7pKNW5hcygFQhdocjKguIL7Y/be+oUrVafWV60ew==",
            "license": "MIT",
            "dependencies": {
                "fast-check": "^3.20.0"
            },
            "peerDependencies": {
                "effect": "^3.5.7"
            }
        },
        "node_modules/@lucid-evolution/wallet": {
            "version": "0.1.68",
            "resolved": "https://registry.npmjs.org/@lucid-evolution/wallet/-/wallet-0.1.68.tgz",
            "integrity": "sha512-yd6pkgG6Z9HeCWXbFzzZQhhQgBA6Va1djCWKUoIJJJIXkBCZ2eRsLluTGJnWaslp+MZ6zYXABQbgKuPDYjGxDA==",
            "license": "MIT",
            "dependencies": {
                "@anastasia-labs/cardano-multiplatform-lib-browser": "6.0.2-3",
                "@anastasia-labs/cardano-multiplatform-lib-nodejs": "6.0.2-3",
                "@lucid-evolution/core-types": "0.1.21",
                "@lucid-evolution/core-utils": "0.1.16",
                "@lucid-evolution/sign_data": "0.1.24",
                "@lucid-evolution/utils": "0.1.62",
                "bip39": "^3.1.0"
            }
        },
        "node_modules/@noble/hashes": {
            "version": "1.6.1",
            "resolved": "https://registry.npmjs.org/@noble/hashes/-/hashes-1.6.1.tgz",
            "integrity": "sha512-pq5D8h10hHBjyqX+cfBm0i8JUXJ0UhczFc4r74zbuT9XgewFo2E3J1cOaGtdZynILNmQ685YWGzGE1Zv6io50w==",
            "license": "MIT",
            "engines": {
                "node": "^14.21.3 || >=16"
            },
            "funding": {
                "url": "https://paulmillr.com/funding/"
            }
        },
        "node_modules/@sinclair/typebox": {
            "version": "0.32.35",
            "resolved": "https://registry.npmjs.org/@sinclair/typebox/-/typebox-0.32.35.tgz",
            "integrity": "sha512-Ul3YyOTU++to8cgNkttakC0dWvpERr6RYoHO2W47DLbFvrwBDJUY31B1sImH6JZSYc4Kt4PyHtoPNu+vL2r2dA==",
            "license": "MIT"
        },
        "node_modules/bip39": {
            "version": "3.1.0",
            "resolved": "https://registry.npmjs.org/bip39/-/bip39-3.1.0.tgz",
            "integrity": "sha512-c9kiwdk45Do5GL0vJMe7tS95VjCii65mYAH7DfWl3uW8AVzXKQVUm64i3hzVybBDMp9r7j9iNxR85+ul8MdN/A==",
            "license": "ISC",
            "dependencies": {
                "@noble/hashes": "^1.2.0"
            }
        },
        "node_modules/cbor-extract": {
            "version": "2.2.0",
            "resolved": "https://registry.npmjs.org/cbor-extract/-/cbor-extract-2.2.0.tgz",
            "integrity": "sha512-Ig1zM66BjLfTXpNgKpvBePq271BPOvu8MR0Jl080yG7Jsl+wAZunfrwiwA+9ruzm/WEdIV5QF/bjDZTqyAIVHA==",
            "hasInstallScript": true,
            "license": "MIT",
            "optional": true,
            "dependencies": {
                "node-gyp-build-optional-packages": "5.1.1"
            },
            "bin": {
                "download-cbor-prebuilds": "bin/download-prebuilds.js"
            },
            "optionalDependencies": {
                "@cbor-extract/cbor-extract-darwin-arm64": "2.2.0",
                "@cbor-extract/cbor-extract-darwin-x64": "2.2.0",
                "@cbor-extract/cbor-extract-linux-arm": "2.2.0",
                "@cbor-extract/cbor-extract-linux-arm64": "2.2.0",
                "@cbor-extract/cbor-extract-linux-x64": "2.2.0",
                "@cbor-extract/cbor-extract-win32-x64": "2.2.0"
            }
        },
        "node_modules/cbor-x": {
            "version": "1.6.0",
            "resolved": "https://registry.npmjs.org/cbor-x/-/cbor-x-1.6.0.tgz",
            "integrity": "sha512-0kareyRwHSkL6ws5VXHEf8uY1liitysCVJjlmhaLG+IXLqhSaOO+t63coaso7yjwEzWZzLy8fJo06gZDVQM9Qg==",
            "license": "MIT",
            "optionalDependencies": {
                "cbor-extract": "^2.2.0"
            }
        },
        "node_modules/detect-libc": {
            "version": "2.0.3",
            "resolved": "https://registry.npmjs.org/detect-libc/-/detect-libc-2.0.3.tgz",
            "integrity": "sha512-bwy0MGW55bG41VqxxypOsdSdGqLwXPI/focwgTYCFMbdUiBAxLg9CFzG08sz2aqzknwiX7Hkl0bQENjg8iLByw==",
            "license": "Apache-2.0",
            "optional": true,
            "engines": {
                "node": ">=8"
            }
        },
        "node_modules/effect": {
            "version": "3.11.9",
            "resolved": "https://registry.npmjs.org/effect/-/effect-3.11.9.tgz",
            "integrity": "sha512-BeEOFVpe+f7S9mTiA2CLIzi1ywxgF1fUbcAank4jwdd6P0ZHQhaW3XVPZ7vkCNDTqmJs2f/gN2uV+Yw0ZqfDng==",
            "license": "MIT",
            "dependencies": {
                "fast-check": "^3.21.0"
            }
        },
        "node_modules/fast-check": {
            "version": "3.23.2",
            "resolved": "https://registry.npmjs.org/fast-check/-/fast-check-3.23.2.tgz",
            "integrity": "sha512-h5+1OzzfCC3Ef7VbtKdcv7zsstUQwUDlYpUTvjeUsJAssPgLn7QzbboPtL5ro04Mq0rPOsMzl7q5hIbRs2wD1A==",
            "funding": [
                {
                    "type": "individual",
                    "url": "https://github.com/sponsors/dubzzz"
                },
                {
                    "type": "opencollective",
                    "url": "https://opencollective.com/fast-check"
                }
            ],
            "license": "MIT",
            "dependencies": {
                "pure-rand": "^6.1.0"
            },
            "engines": {
                "node": ">=8.0.0"
            }
        },
        "node_modules/find-my-way-ts": {
            "version": "0.1.5",
            "resolved": "https://registry.npmjs.org/find-my-way-ts/-/find-my-way-ts-0.1.5.tgz",
            "integrity": "sha512-4GOTMrpGQVzsCH2ruUn2vmwzV/02zF4q+ybhCIrw/Rkt3L8KWcycdC6aJMctJzwN4fXD4SD5F/4B9Sksh5rE0A==",
            "license": "MIT"
        },
        "node_modules/multipasta": {
            "version": "0.2.5",
            "resolved": "https://registry.npmjs.org/multipasta/-/multipasta-0.2.5.tgz",
            "integrity": "sha512-c8eMDb1WwZcE02WVjHoOmUVk7fnKU/RmUcosHACglrWAuPQsEJv+E8430sXj6jNc1jHw0zrS16aCjQh4BcEb4A==",
            "license": "MIT"
        },
        "node_modules/node-gyp-build-optional-packages": {
            "version": "5.1.1",
            "resolved": "https://registry.npmjs.org/node-gyp-build-optional-packages/-/node-gyp-build-optional-packages-5.1.1.tgz",
            "integrity": "sha512-+P72GAjVAbTxjjwUmwjVrqrdZROD4nf8KgpBoDxqXXTiYZZt/ud60dE5yvCSr9lRO8e8yv6kgJIC0K0PfZFVQw==",
            "license": "MIT",
            "optional": true,
            "dependencies": {
                "detect-libc": "^2.0.1"
            },
            "bin": {
                "node-gyp-build-optional-packages": "bin.js",
                "node-gyp-build-optional-packages-optional": "optional.js",
                "node-gyp-build-optional-packages-test": "build-test.js"
            }
        },
        "node_modules/pure-rand": {
            "version": "6.1.0",
            "resolved": "https://registry.npmjs.org/pure-rand/-/pure-rand-6.1.0.tgz",
            "integrity": "sha512-bVWawvoZoBYpp6yIoQtQXHZjmz35RSVHnUOTefl8Vcjr8snTPY1wnpSPMWekcFwbxI6gtmT7rSYPFvz71ldiOA==",
            "funding": [
                {
                    "type": "individual",
                    "url": "https://github.com/sponsors/dubzzz"
                },
                {
                    "type": "opencollective",
                    "url": "https://opencollective.com/fast-check"
                }
            ],
            "license": "MIT"
        }
    }
}
